
Microsoft Visual Studio Solution File, Format Version 12.00
# Visual Studio Version 17
VisualStudioVersion = 17.14.36221.1 d17.14
MinimumVisualStudioVersion = 10.0.40219.1
Project("{FAE04EC0-301F-11D3-BF4B-00C04F79EFBC}") = "BusinessLayer", "BusinessLayer\BusinessLayer.csproj", "{A7139D06-046D-4EF9-AB8D-8B8A926704E4}"
EndProject
Global
	GlobalSection(SolutionConfigurationPlatforms) = preSolution
		Debug|Any CPU = Debug|Any CPU
		Release|Any CPU = Release|Any CPU
	EndGlobalSection
	GlobalSection(ProjectConfigurationPlatforms) = postSolution
		{A7139D06-046D-4EF9-AB8D-8B8A926704E4}.Debug|Any CPU.ActiveCfg = Debug|Any CPU
		{A7139D06-046D-4EF9-AB8D-8B8A926704E4}.Debug|Any CPU.Build.0 = Debug|Any CPU
		{A7139D06-046D-4EF9-AB8D-8B8A926704E4}.Release|Any CPU.ActiveCfg = Release|Any CPU
		{A7139D06-046D-4EF9-AB8D-8B8A926704E4}.Release|Any CPU.Build.0 = Release|Any CPU
	EndGlobalSection
	GlobalSection(SolutionProperties) = preSolution
		HideSolutionNode = FALSE
	EndGlobalSection
	GlobalSection(ExtensibilityGlobals) = postSolution
		SolutionGuid = {B48E420E-490B-4AE3-A0BC-8914298DF06C}
	EndGlobalSection
EndGlobal
